
Microsoft Visual Studio Solution File, Format Version 12.00
Project("{FAE04EC0-301F-11D3-BF4B-00C04F79EFBC}") = "act 10", "act 10\act 10.csproj", "{7D069D5E-5DB9-43F8-8CC4-93BC689E024E}"
EndProject
Global
	GlobalSection(SolutionConfigurationPlatforms) = preSolution
		Debug|Any CPU = Debug|Any CPU
		Release|Any CPU = Release|Any CPU
	EndGlobalSection
	GlobalSection(ProjectConfigurationPlatforms) = postSolution
		{7D069D5E-5DB9-43F8-8CC4-93BC689E024E}.Debug|Any CPU.ActiveCfg = Debug|Any CPU
		{7D069D5E-5DB9-43F8-8CC4-93BC689E024E}.Debug|Any CPU.Build.0 = Debug|Any CPU
		{7D069D5E-5DB9-43F8-8CC4-93BC689E024E}.Release|Any CPU.ActiveCfg = Release|Any CPU
		{7D069D5E-5DB9-43F8-8CC4-93BC689E024E}.Release|Any CPU.Build.0 = Release|Any CPU
	EndGlobalSection
EndGlobal
